
Microsoft Visual Studio Solution File, Format Version 12.00
# Visual Studio 2013
VisualStudioVersion = 12.0.40629.0
MinimumVisualStudioVersion = 10.0.40219.1
Project("{FAE04EC0-301F-11D3-BF4B-00C04F79EFBC}") = "nopCommercePluginTemplate", "nopCommercePluginTemplate\nopCommercePluginTemplate.csproj", "{99F2AA2C-6946-46F0-B33B-F946AEC7A404}"
EndProject
Project("{FAE04EC0-301F-11D3-BF4B-00C04F79EFBC}") = "Nop.Plugin.Misc.PluginExample", "Nop.Plugin.Misc.PluginExample\Nop.Plugin.Misc.PluginExample.csproj", "{AE4379DA-44CB-4597-B86D-E6689D6492CA}"
EndProject
Global
	GlobalSection(SolutionConfigurationPlatforms) = preSolution
		Debug|Any CPU = Debug|Any CPU
		Release|Any CPU = Release|Any CPU
	EndGlobalSection
	GlobalSection(ProjectConfigurationPlatforms) = postSolution
		{99F2AA2C-6946-46F0-B33B-F946AEC7A404}.Debug|Any CPU.ActiveCfg = Debug|Any CPU
		{99F2AA2C-6946-46F0-B33B-F946AEC7A404}.Debug|Any CPU.Build.0 = Debug|Any CPU
		{99F2AA2C-6946-46F0-B33B-F946AEC7A404}.Release|Any CPU.ActiveCfg = Release|Any CPU
		{99F2AA2C-6946-46F0-B33B-F946AEC7A404}.Release|Any CPU.Build.0 = Release|Any CPU
		{AE4379DA-44CB-4597-B86D-E6689D6492CA}.Debug|Any CPU.ActiveCfg = Debug|Any CPU
		{AE4379DA-44CB-4597-B86D-E6689D6492CA}.Release|Any CPU.ActiveCfg = Release|Any CPU
		{AE4379DA-44CB-4597-B86D-E6689D6492CA}.Release|Any CPU.Build.0 = Release|Any CPU
	EndGlobalSection
	GlobalSection(SolutionProperties) = preSolution
		HideSolutionNode = FALSE
	EndGlobalSection
EndGlobal
